
Microsoft Visual Studio Solution File, Format Version 12.00
# Visual Studio Version 17
VisualStudioVersion = 17.4.33122.133
MinimumVisualStudioVersion = 10.0.40219.1
Project("{FAE04EC0-301F-11D3-BF4B-00C04F79EFBC}") = "Tic Tac Toe Game", "Tic Tac Toe Game\Tic Tac Toe Game.csproj", "{CC578866-D4FD-4907-B258-77E696B1A73F}"
EndProject
Global
	GlobalSection(SolutionConfigurationPlatforms) = preSolution
		Debug|Any CPU = Debug|Any CPU
		Release|Any CPU = Release|Any CPU
	EndGlobalSection
	GlobalSection(ProjectConfigurationPlatforms) = postSolution
		{CC578866-D4FD-4907-B258-77E696B1A73F}.Debug|Any CPU.ActiveCfg = Debug|Any CPU
		{CC578866-D4FD-4907-B258-77E696B1A73F}.Debug|Any CPU.Build.0 = Debug|Any CPU
		{CC578866-D4FD-4907-B258-77E696B1A73F}.Release|Any CPU.ActiveCfg = Release|Any CPU
		{CC578866-D4FD-4907-B258-77E696B1A73F}.Release|Any CPU.Build.0 = Release|Any CPU
	EndGlobalSection
	GlobalSection(SolutionProperties) = preSolution
		HideSolutionNode = FALSE
	EndGlobalSection
	GlobalSection(ExtensibilityGlobals) = postSolution
		SolutionGuid = {6F8D69FE-0DCE-4F98-97C0-5AA6B7DEEA1D}
	EndGlobalSection
EndGlobal
